
Microsoft Visual Studio Solution File, Format Version 12.00
# Visual Studio Version 17
VisualStudioVersion = 17.0.31919.166
MinimumVisualStudioVersion = 10.0.40219.1
Project("{CE054458-C119-4C03-BF1C-6D267460E960}") = "Build", "Build\Build.csproj", "{6A41E6AD-B176-4658-9474-C6D192CAE9AA}"
EndProject
Project("{2150E333-8FDC-42A3-9474-1A3956D46DE8}") = "Solution Items", "Solution Items", "{9C7A67AC-A5FD-4133-8007-320A840ADBAC}"
	ProjectSection(SolutionItems) = preProject
		.gitignore = .gitignore
		Readme.md = Readme.md
		Build\Build.Properties.cs = Build\Build.Properties.cs
	EndProjectSection
EndProject
Project("{FAE04EC0-301F-11D3-BF4B-00C04F79EFBC}") = "Nice3point.Revit.Extensions", "Nice3point.Revit.Extensions\Nice3point.Revit.Extensions.csproj", "{C0F3E300-CBBB-4682-93AA-B13636690E20}"
EndProject
Project("{FAE04EC0-301F-11D3-BF4B-00C04F79EFBC}") = "Nice3point.Revit.Extensions.Tests", "Nice3point.Revit.Extensions.Tests\Nice3point.Revit.Extensions.Tests.csproj", "{06AB7844-AC7E-4E05-878A-A0493D6E85D1}"
EndProject
Global
	GlobalSection(SolutionConfigurationPlatforms) = preSolution
		Debug R19|Any CPU = Debug R19|Any CPU
		Debug R20|Any CPU = Debug R20|Any CPU
		Debug R21|Any CPU = Debug R21|Any CPU
		Debug R22|Any CPU = Debug R22|Any CPU
		Release R19|Any CPU = Release R19|Any CPU
		Release R20|Any CPU = Release R20|Any CPU
		Release R21|Any CPU = Release R21|Any CPU
		Release R22|Any CPU = Release R22|Any CPU
		UnitTests|Any CPU = UnitTests|Any CPU
	EndGlobalSection
	GlobalSection(ProjectConfigurationPlatforms) = postSolution
		{6A41E6AD-B176-4658-9474-C6D192CAE9AA}.Release R19|Any CPU.ActiveCfg = Release|Any CPU
		{6A41E6AD-B176-4658-9474-C6D192CAE9AA}.Release R20|Any CPU.ActiveCfg = Release|Any CPU
		{6A41E6AD-B176-4658-9474-C6D192CAE9AA}.Release R21|Any CPU.ActiveCfg = Release|Any CPU
		{6A41E6AD-B176-4658-9474-C6D192CAE9AA}.Release R22|Any CPU.ActiveCfg = Release|Any CPU
		{6A41E6AD-B176-4658-9474-C6D192CAE9AA}.UnitTests|Any CPU.ActiveCfg = Debug|Any CPU
		{6A41E6AD-B176-4658-9474-C6D192CAE9AA}.Debug R19|Any CPU.ActiveCfg = Debug|Any CPU
		{6A41E6AD-B176-4658-9474-C6D192CAE9AA}.Debug R20|Any CPU.ActiveCfg = Debug|Any CPU
		{6A41E6AD-B176-4658-9474-C6D192CAE9AA}.Debug R21|Any CPU.ActiveCfg = Debug|Any CPU
		{6A41E6AD-B176-4658-9474-C6D192CAE9AA}.Debug R22|Any CPU.ActiveCfg = Debug|Any CPU
		{C0F3E300-CBBB-4682-93AA-B13636690E20}.Release R19|Any CPU.ActiveCfg = Release R19|Any CPU
		{C0F3E300-CBBB-4682-93AA-B13636690E20}.Release R19|Any CPU.Build.0 = Release R19|Any CPU
		{C0F3E300-CBBB-4682-93AA-B13636690E20}.Release R20|Any CPU.ActiveCfg = Release R20|Any CPU
		{C0F3E300-CBBB-4682-93AA-B13636690E20}.Release R20|Any CPU.Build.0 = Release R20|Any CPU
		{C0F3E300-CBBB-4682-93AA-B13636690E20}.Release R21|Any CPU.ActiveCfg = Release R21|Any CPU
		{C0F3E300-CBBB-4682-93AA-B13636690E20}.Release R21|Any CPU.Build.0 = Release R21|Any CPU
		{C0F3E300-CBBB-4682-93AA-B13636690E20}.Release R22|Any CPU.ActiveCfg = Release R22|Any CPU
		{C0F3E300-CBBB-4682-93AA-B13636690E20}.Release R22|Any CPU.Build.0 = Release R22|Any CPU
		{C0F3E300-CBBB-4682-93AA-B13636690E20}.Debug R19|Any CPU.ActiveCfg = Debug R19|Any CPU
		{C0F3E300-CBBB-4682-93AA-B13636690E20}.Debug R19|Any CPU.Build.0 = Debug R19|Any CPU
		{C0F3E300-CBBB-4682-93AA-B13636690E20}.Debug R20|Any CPU.ActiveCfg = Debug R20|Any CPU
		{C0F3E300-CBBB-4682-93AA-B13636690E20}.Debug R20|Any CPU.Build.0 = Debug R20|Any CPU
		{C0F3E300-CBBB-4682-93AA-B13636690E20}.Debug R21|Any CPU.ActiveCfg = Debug R20|Any CPU
		{C0F3E300-CBBB-4682-93AA-B13636690E20}.Debug R21|Any CPU.Build.0 = Debug R20|Any CPU
		{C0F3E300-CBBB-4682-93AA-B13636690E20}.Debug R22|Any CPU.ActiveCfg = Debug R22|Any CPU
		{C0F3E300-CBBB-4682-93AA-B13636690E20}.Debug R22|Any CPU.Build.0 = Debug R22|Any CPU
		{C0F3E300-CBBB-4682-93AA-B13636690E20}.UnitTests|Any CPU.ActiveCfg = Debug R22|Any CPU
		{C0F3E300-CBBB-4682-93AA-B13636690E20}.UnitTests|Any CPU.Build.0 = Debug R22|Any CPU
		{06AB7844-AC7E-4E05-878A-A0493D6E85D1}.UnitTests|Any CPU.ActiveCfg = Debug|Any CPU
		{06AB7844-AC7E-4E05-878A-A0493D6E85D1}.UnitTests|Any CPU.Build.0 = Debug|Any CPU
		{06AB7844-AC7E-4E05-878A-A0493D6E85D1}.Debug R19|Any CPU.ActiveCfg = Debug|Any CPU
		{06AB7844-AC7E-4E05-878A-A0493D6E85D1}.Debug R20|Any CPU.ActiveCfg = Debug|Any CPU
		{06AB7844-AC7E-4E05-878A-A0493D6E85D1}.Debug R21|Any CPU.ActiveCfg = Debug|Any CPU
		{06AB7844-AC7E-4E05-878A-A0493D6E85D1}.Debug R22|Any CPU.ActiveCfg = Debug|Any CPU
		{06AB7844-AC7E-4E05-878A-A0493D6E85D1}.Release R19|Any CPU.ActiveCfg = Release|Any CPU
		{06AB7844-AC7E-4E05-878A-A0493D6E85D1}.Release R20|Any CPU.ActiveCfg = Release|Any CPU
		{06AB7844-AC7E-4E05-878A-A0493D6E85D1}.Release R21|Any CPU.ActiveCfg = Release|Any CPU
		{06AB7844-AC7E-4E05-878A-A0493D6E85D1}.Release R22|Any CPU.ActiveCfg = Release|Any CPU
	EndGlobalSection
EndGlobal
